github.com/wowchemy/wowchemy-hugo-modules/wowchemy v0.0.0-20201001144923-e58ee0ffc576 h1:r97j+QgxENainAzooKFwaHePl7UBBtZ4RFh6+Ks2x3U=
github.com/wowchemy/wowchemy-hugo-modules/wowchemy v0.0.0-20201001144923-e58ee0ffc576/go.mod h1:H22qfH9qj3FWwsk7+bAZpmT24yRGNQURah2/IRwjbn8=
github.com/wowchemy/wowchemy-hugo-modules/wowchemy v0.0.0-20201108225518-b647d7e81a5a h1:CpprH/95xg9aryDF5xtYnKOzKnbAfUK0/iXRljKfWv4=
github.com/wowchemy/wowchemy-hugo-modules/wowchemy v0.0.0-20201108225518-b647d7e81a5a/go.mod h1:H22qfH9qj3FWwsk7+bAZpmT24yRGNQURah2/IRwjbn8=
